
Microsoft Visual Studio Solution File, Format Version 12.00
# Visual Studio Version 16
VisualStudioVersion = 16.0.31129.286
MinimumVisualStudioVersion = 10.0.40219.1
Project("{9A19103F-16F7-4668-BE54-9A1E7A4F7556}") = "TOUR_US.API", "TOUR_US.API\TOUR_US.API.csproj", "{29B64078-5DB9-43B4-BD03-E547094C2FC9}"
EndProject
Project("{9A19103F-16F7-4668-BE54-9A1E7A4F7556}") = "TOUR_US.MVC", "TOUR_US.MVC\TOUR_US.MVC.csproj", "{C7EF4234-C7FC-40B1-89A3-2B1E963A1C72}"
EndProject
Project("{FAE04EC0-301F-11D3-BF4B-00C04F79EFBC}") = "TOUR_US.DAL", "TOUR_US.DAL\TOUR_US.DAL.csproj", "{01CDF56A-747D-4EF3-8C3C-5D7ECDC8590F}"
EndProject
Project("{FAE04EC0-301F-11D3-BF4B-00C04F79EFBC}") = "TOUR_US.BO", "TOUR_US.BO\TOUR_US.BO.csproj", "{9A959BC3-CB90-42F6-917D-0F4C57EB6340}"
EndProject
Global
	GlobalSection(SolutionConfigurationPlatforms) = preSolution
		Debug|Any CPU = Debug|Any CPU
		Release|Any CPU = Release|Any CPU
	EndGlobalSection
	GlobalSection(ProjectConfigurationPlatforms) = postSolution
		{29B64078-5DB9-43B4-BD03-E547094C2FC9}.Debug|Any CPU.ActiveCfg = Debug|Any CPU
		{29B64078-5DB9-43B4-BD03-E547094C2FC9}.Debug|Any CPU.Build.0 = Debug|Any CPU
		{29B64078-5DB9-43B4-BD03-E547094C2FC9}.Release|Any CPU.ActiveCfg = Release|Any CPU
		{29B64078-5DB9-43B4-BD03-E547094C2FC9}.Release|Any CPU.Build.0 = Release|Any CPU
		{C7EF4234-C7FC-40B1-89A3-2B1E963A1C72}.Debug|Any CPU.ActiveCfg = Debug|Any CPU
		{C7EF4234-C7FC-40B1-89A3-2B1E963A1C72}.Debug|Any CPU.Build.0 = Debug|Any CPU
		{C7EF4234-C7FC-40B1-89A3-2B1E963A1C72}.Release|Any CPU.ActiveCfg = Release|Any CPU
		{C7EF4234-C7FC-40B1-89A3-2B1E963A1C72}.Release|Any CPU.Build.0 = Release|Any CPU
		{01CDF56A-747D-4EF3-8C3C-5D7ECDC8590F}.Debug|Any CPU.ActiveCfg = Debug|Any CPU
		{01CDF56A-747D-4EF3-8C3C-5D7ECDC8590F}.Debug|Any CPU.Build.0 = Debug|Any CPU
		{01CDF56A-747D-4EF3-8C3C-5D7ECDC8590F}.Release|Any CPU.ActiveCfg = Release|Any CPU
		{01CDF56A-747D-4EF3-8C3C-5D7ECDC8590F}.Release|Any CPU.Build.0 = Release|Any CPU
		{9A959BC3-CB90-42F6-917D-0F4C57EB6340}.Debug|Any CPU.ActiveCfg = Debug|Any CPU
		{9A959BC3-CB90-42F6-917D-0F4C57EB6340}.Debug|Any CPU.Build.0 = Debug|Any CPU
		{9A959BC3-CB90-42F6-917D-0F4C57EB6340}.Release|Any CPU.ActiveCfg = Release|Any CPU
		{9A959BC3-CB90-42F6-917D-0F4C57EB6340}.Release|Any CPU.Build.0 = Release|Any CPU
	EndGlobalSection
	GlobalSection(SolutionProperties) = preSolution
		HideSolutionNode = FALSE
	EndGlobalSection
	GlobalSection(ExtensibilityGlobals) = postSolution
		SolutionGuid = {A27E85DD-1C6C-4E32-9B2A-132171501A2C}
	EndGlobalSection
EndGlobal
